
Microsoft Visual Studio Solution File, Format Version 12.00
# Visual Studio Version 17
VisualStudioVersion = 17.4.33020.496
MinimumVisualStudioVersion = 10.0.40219.1
Project("{FAE04EC0-301F-11D3-BF4B-00C04F79EFBC}") = "KeyRotation", "KeyRotation.csproj", "{59155701-0A08-4A38-84E4-C17B1DFD65E7}"
EndProject
Global
	GlobalSection(SolutionConfigurationPlatforms) = preSolution
		Debug|Any CPU = Debug|Any CPU
		Release|Any CPU = Release|Any CPU
	EndGlobalSection
	GlobalSection(ProjectConfigurationPlatforms) = postSolution
		{59155701-0A08-4A38-84E4-C17B1DFD65E7}.Debug|Any CPU.ActiveCfg = Debug|Any CPU
		{59155701-0A08-4A38-84E4-C17B1DFD65E7}.Debug|Any CPU.Build.0 = Debug|Any CPU
		{59155701-0A08-4A38-84E4-C17B1DFD65E7}.Release|Any CPU.ActiveCfg = Release|Any CPU
		{59155701-0A08-4A38-84E4-C17B1DFD65E7}.Release|Any CPU.Build.0 = Release|Any CPU
	EndGlobalSection
	GlobalSection(SolutionProperties) = preSolution
		HideSolutionNode = FALSE
	EndGlobalSection
	GlobalSection(ExtensibilityGlobals) = postSolution
		SolutionGuid = {5DD25E66-30BF-451F-B905-24DB91ECDE35}
	EndGlobalSection
EndGlobal
